
Microsoft Visual Studio Solution File, Format Version 12.00
Project("{FAE04EC0-301F-11D3-BF4B-00C04F79EFBC}") = "Monkey", "Monkey\Monkey.csproj", "{42822294-DD39-4C29-AAAE-D7D0DF80B1ED}"
EndProject
Project("{FAE04EC0-301F-11D3-BF4B-00C04F79EFBC}") = "Monkey.Tests", "Monkey.Tests\Monkey.Tests.csproj", "{BF326BC0-466C-468D-A887-FA4E5DBD8A08}"
EndProject
Global
	GlobalSection(SolutionConfigurationPlatforms) = preSolution
		Debug|Any CPU = Debug|Any CPU
		Release|Any CPU = Release|Any CPU
	EndGlobalSection
	GlobalSection(ProjectConfigurationPlatforms) = postSolution
		{42822294-DD39-4C29-AAAE-D7D0DF80B1ED}.Debug|Any CPU.ActiveCfg = Debug|Any CPU
		{42822294-DD39-4C29-AAAE-D7D0DF80B1ED}.Debug|Any CPU.Build.0 = Debug|Any CPU
		{42822294-DD39-4C29-AAAE-D7D0DF80B1ED}.Release|Any CPU.ActiveCfg = Release|Any CPU
		{42822294-DD39-4C29-AAAE-D7D0DF80B1ED}.Release|Any CPU.Build.0 = Release|Any CPU
		{BF326BC0-466C-468D-A887-FA4E5DBD8A08}.Debug|Any CPU.ActiveCfg = Debug|Any CPU
		{BF326BC0-466C-468D-A887-FA4E5DBD8A08}.Debug|Any CPU.Build.0 = Debug|Any CPU
		{BF326BC0-466C-468D-A887-FA4E5DBD8A08}.Release|Any CPU.ActiveCfg = Release|Any CPU
		{BF326BC0-466C-468D-A887-FA4E5DBD8A08}.Release|Any CPU.Build.0 = Release|Any CPU
	EndGlobalSection
EndGlobal
